
Microsoft Visual Studio Solution File, Format Version 12.00
# Visual Studio Version 17
VisualStudioVersion = 17.9.34728.123
MinimumVisualStudioVersion = 10.0.40219.1
Project("{8BC9CEB8-8B4A-11D0-8D11-00A0C91BC942}") = "Facade - Home Work", "Facade - Home Work\Facade - Home Work.vcxproj", "{EBC622E6-FBEE-41FA-9CC0-8471CEFF1CE1}"
EndProject
Global
	GlobalSection(SolutionConfigurationPlatforms) = preSolution
		Debug|x64 = Debug|x64
		Debug|x86 = Debug|x86
		Release|x64 = Release|x64
		Release|x86 = Release|x86
	EndGlobalSection
	GlobalSection(ProjectConfigurationPlatforms) = postSolution
		{EBC622E6-FBEE-41FA-9CC0-8471CEFF1CE1}.Debug|x64.ActiveCfg = Debug|x64
		{EBC622E6-FBEE-41FA-9CC0-8471CEFF1CE1}.Debug|x64.Build.0 = Debug|x64
		{EBC622E6-FBEE-41FA-9CC0-8471CEFF1CE1}.Debug|x86.ActiveCfg = Debug|Win32
		{EBC622E6-FBEE-41FA-9CC0-8471CEFF1CE1}.Debug|x86.Build.0 = Debug|Win32
		{EBC622E6-FBEE-41FA-9CC0-8471CEFF1CE1}.Release|x64.ActiveCfg = Release|x64
		{EBC622E6-FBEE-41FA-9CC0-8471CEFF1CE1}.Release|x64.Build.0 = Release|x64
		{EBC622E6-FBEE-41FA-9CC0-8471CEFF1CE1}.Release|x86.ActiveCfg = Release|Win32
		{EBC622E6-FBEE-41FA-9CC0-8471CEFF1CE1}.Release|x86.Build.0 = Release|Win32
	EndGlobalSection
	GlobalSection(SolutionProperties) = preSolution
		HideSolutionNode = FALSE
	EndGlobalSection
	GlobalSection(ExtensibilityGlobals) = postSolution
		SolutionGuid = {D43B3893-AFAB-426B-907B-00A46BD3E93C}
	EndGlobalSection
EndGlobal
